Microsoft Visual Studio Solution File, Format Version 11.00
# Visual Studio 2008

Project("{1BDB301D-D99B-0501-A346-9BA03C09D206}") = "EECS494Assignment3", "Assembly-CSharp.csproj", "{A0E14229-8620-2FEC-CC03-C3BAB1651251}"
EndProject
Global
	GlobalSection(SolutionConfigurationPlatforms) = preSolution
		Debug|Any CPU = Debug|Any CPU
		Release|Any CPU = Release|Any CPU
	EndGlobalSection
	GlobalSection(ProjectConfigurationPlatforms) = postSolution
		{A0E14229-8620-2FEC-CC03-C3BAB1651251}.Debug|Any CPU.ActiveCfg = Debug|Any CPU
		{A0E14229-8620-2FEC-CC03-C3BAB1651251}.Debug|Any CPU.Build.0 = Debug|Any CPU
		{A0E14229-8620-2FEC-CC03-C3BAB1651251}.Release|Any CPU.ActiveCfg = Release|Any CPU
		{A0E14229-8620-2FEC-CC03-C3BAB1651251}.Release|Any CPU.Build.0 = Release|Any CPU
	EndGlobalSection
	GlobalSection(SolutionProperties) = preSolution
		HideSolutionNode = FALSE
	EndGlobalSection
																GlobalSection(MonoDevelopProperties) = preSolution
=======
																	GlobalSection(MonoDevelopProperties) = preSolution
>>>>>>> 7d28f79d55df3b01ad973c07c95b93a71128344e
		StartupItem = Assembly-CSharp.csproj
		Policies = $0
		$0.TextStylePolicy = $1
		$1.inheritsSet = null
		$1.scope = text/x-csharp
		$0.CSharpFormattingPolicy = $2
		$2.inheritsSet = Mono
		$2.inheritsScope = text/x-csharp
		$2.scope = text/x-csharp
		$0.TextStylePolicy = $3
		$3.FileWidth = 120
		$3.TabWidth = 4
		$3.EolMarker = Unix
		$3.inheritsSet = Mono
		$3.inheritsScope = text/plain
		$3.scope = text/plain
	EndGlobalSection

EndGlobal
